
Microsoft Visual Studio Solution File, Format Version 12.00
# Visual Studio Version 17
VisualStudioVersion = 17.11.35208.52
MinimumVisualStudioVersion = 10.0.40219.1
Project("{FAE04EC0-301F-11D3-BF4B-00C04F79EFBC}") = "MaCafe", "MaCafe\MaCafe.csproj", "{7D11CBD0-AB8E-49B2-9810-1BDB9D4C3FFD}"
EndProject
Global
	GlobalSection(SolutionConfigurationPlatforms) = preSolution
		Debug|Any CPU = Debug|Any CPU
		Release|Any CPU = Release|Any CPU
	EndGlobalSection
	GlobalSection(ProjectConfigurationPlatforms) = postSolution
		{7D11CBD0-AB8E-49B2-9810-1BDB9D4C3FFD}.Debug|Any CPU.ActiveCfg = Debug|Any CPU
		{7D11CBD0-AB8E-49B2-9810-1BDB9D4C3FFD}.Debug|Any CPU.Build.0 = Debug|Any CPU
		{7D11CBD0-AB8E-49B2-9810-1BDB9D4C3FFD}.Release|Any CPU.ActiveCfg = Release|Any CPU
		{7D11CBD0-AB8E-49B2-9810-1BDB9D4C3FFD}.Release|Any CPU.Build.0 = Release|Any CPU
	EndGlobalSection
	GlobalSection(SolutionProperties) = preSolution
		HideSolutionNode = FALSE
	EndGlobalSection
	GlobalSection(ExtensibilityGlobals) = postSolution
		SolutionGuid = {A3E74028-2868-4AE1-A0D1-172C6CB0AD91}
	EndGlobalSection
EndGlobal
